
Microsoft Visual Studio Solution File, Format Version 12.00
# Visual Studio 15
VisualStudioVersion = 15.0.28307.539
MinimumVisualStudioVersion = 10.0.40219.1
Project("{8BC9CEB8-8B4A-11D0-8D11-00A0C91BC942}") = "phonebook", "phonebook\phonebook.vcxproj", "{FCFB77C9-D022-45EA-80EE-309C6B35C484}"
EndProject
Global
	GlobalSection(SolutionConfigurationPlatforms) = preSolution
		Debug|x64 = Debug|x64
		Debug|x86 = Debug|x86
		Release|x64 = Release|x64
		Release|x86 = Release|x86
	EndGlobalSection
	GlobalSection(ProjectConfigurationPlatforms) = postSolution
		{FCFB77C9-D022-45EA-80EE-309C6B35C484}.Debug|x64.ActiveCfg = Debug|x64
		{FCFB77C9-D022-45EA-80EE-309C6B35C484}.Debug|x64.Build.0 = Debug|x64
		{FCFB77C9-D022-45EA-80EE-309C6B35C484}.Debug|x86.ActiveCfg = Debug|Win32
		{FCFB77C9-D022-45EA-80EE-309C6B35C484}.Debug|x86.Build.0 = Debug|Win32
		{FCFB77C9-D022-45EA-80EE-309C6B35C484}.Release|x64.ActiveCfg = Release|x64
		{FCFB77C9-D022-45EA-80EE-309C6B35C484}.Release|x64.Build.0 = Release|x64
		{FCFB77C9-D022-45EA-80EE-309C6B35C484}.Release|x86.ActiveCfg = Release|Win32
		{FCFB77C9-D022-45EA-80EE-309C6B35C484}.Release|x86.Build.0 = Release|Win32
	EndGlobalSection
	GlobalSection(SolutionProperties) = preSolution
		HideSolutionNode = FALSE
	EndGlobalSection
	GlobalSection(ExtensibilityGlobals) = postSolution
		SolutionGuid = {16B1C153-A96D-4833-876D-A157806FA281}
	EndGlobalSection
EndGlobal
